// !$*UTF8*$!
{
	archiveVersion = 1;
	classes = {
	};
	objectVersion = 50;
	objects = {

/* Begin PBXBuildFile section */
		4FA7C2752406E02F009E1B34 /* AppDelegate.swift in Sources */ = {isa = PBXBuildFile; fileRef = 4FA7C2742406E02F009E1B34 /* AppDelegate.swift */; };
		4FA7C2772406E02F009E1B34 /* SceneDelegate.swift in Sources */ = {isa = PBXBuildFile; fileRef = 4FA7C2762406E02F009E1B34 /* SceneDelegate.swift */; };
		4FA7C2792406E02F009E1B34 /* ContentView.swift in Sources */ = {isa = PBXBuildFile; fileRef = 4FA7C2782406E02F009E1B34 /* ContentView.swift */; };
		4FA7C27B2406E034009E1B34 /* Assets.xcassets in Resources */ = {isa = PBXBuildFile; fileRef = 4FA7C27A2406E034009E1B34 /* Assets.xcassets */; };
		4FA7C27E2406E034009E1B34 /* Preview Assets.xcassets in Resources */ = {isa = PBXBuildFile; fileRef = 4FA7C27D2406E034009E1B34 /* Preview Assets.xcassets */; };
		4FA7C2812406E034009E1B34 /* LaunchScreen.storyboard in Resources */ = {isa = PBXBuildFile; fileRef = 4FA7C27F2406E034009E1B34 /* LaunchScreen.storyboard */; };
		4FA7C28C2406E034009E1B34 /* btwTests.swift in Sources */ = {isa = PBXBuildFile; fileRef = 4FA7C28B2406E034009E1B34 /* btwTests.swift */; };
		4FA7C2972406E034009E1B34 /* btwUITests.swift in Sources */ = {isa = PBXBuildFile; fileRef = 4FA7C2962406E034009E1B34 /* btwUITests.swift */; };
/* End PBXBuildFile section */

/* Begin PBXContainerItemProxy section */
		4FA7C2882406E034009E1B34 /* PBXContainerItemProxy */ = {
			isa = PBXContainerItemProxy;
			containerPortal = 4FA7C2692406E02F009E1B34 /* Project object */;
			proxyType = 1;
			remoteGlobalIDString = 4FA7C2702406E02F009E1B34;
			remoteInfo = btw;
		};
		4FA7C2932406E034009E1B34 /* PBXContainerItemProxy */ = {
			isa = PBXContainerItemProxy;
			containerPortal = 4FA7C2692406E02F009E1B34 /* Project object */;
			proxyType = 1;
			remoteGlobalIDString = 4FA7C2702406E02F009E1B34;
			remoteInfo = btw;
		};
/* End PBXContainerItemProxy section */

/* Begin PBXFileReference section */
		4FA7C2712406E02F009E1B34 /* btw.app */ = {isa = PBXFileReference; explicitFileType = wrapper.application; includeInIndex = 0; path = btw.app; sourceTree = BUILT_PRODUCTS_DIR; };
		4FA7C2742406E02F009E1B34 /* AppDelegate.swift */ = {isa = PBXFileReference; lastKnownFileType = sourcecode.swift; path = AppDelegate.swift; sourceTree = "<group>"; };
		4FA7C2762406E02F009E1B34 /* SceneDelegate.swift */ = {isa = PBXFileReference; lastKnownFileType = sourcecode.swift; path = SceneDelegate.swift; sourceTree = "<group>"; };
		4FA7C2782406E02F009E1B34 /* ContentView.swift */ = {isa = PBXFileReference; lastKnownFileType = sourcecode.swift; path = ContentView.swift; sourceTree = "<group>"; };
		4FA7C27A2406E034009E1B34 /* Assets.xcassets */ = {isa = PBXFileReference; lastKnownFileType = folder.assetcatalog; path = Assets.xcassets; sourceTree = "<group>"; };
		4FA7C27D2406E034009E1B34 /* Preview Assets.xcassets */ = {isa = PBXFileReference; lastKnownFileType = folder.assetcatalog; path = "Preview Assets.xcassets"; sourceTree = "<group>"; };
		4FA7C2802406E034009E1B34 /* Base */ = {isa = PBXFileReference; lastKnownFileType = file.storyboard; name = Base; path = Base.lproj/LaunchScreen.storyboard; sourceTree = "<group>"; };
		4FA7C2822406E034009E1B34 /* Info.plist */ = {isa = PBXFileReference; lastKnownFileType = text.plist.xml; path = Info.plist; sourceTree = "<group>"; };
		4FA7C2872406E034009E1B34 /* btwTests.xctest */ = {isa = PBXFileReference; explicitFileType = wrapper.cfbundle; includeInIndex = 0; path = btwTests.xctest; sourceTree = BUILT_PRODUCTS_DIR; };
		4FA7C28B2406E034009E1B34 /* btwTests.swift */ = {isa = PBXFileReference; lastKnownFileType = sourcecode.swift; path = btwTests.swift; sourceTree = "<group>"; };
		4FA7C28D2406E034009E1B34 /* Info.plist */ = {isa = PBXFileReference; lastKnownFileType = text.plist.xml; path = Info.plist; sourceTree = "<group>"; };
		4FA7C2922406E034009E1B34 /* btwUITests.xctest */ = {isa = PBXFileReference; explicitFileType = wrapper.cfbundle; includeInIndex = 0; path = btwUITests.xctest; sourceTree = BUILT_PRODUCTS_DIR; };
		4FA7C2962406E034009E1B34 /* btwUITests.swift */ = {isa = PBXFileReference; lastKnownFileType = sourcecode.swift; path = btwUITests.swift; sourceTree = "<group>"; };
		4FA7C2982406E034009E1B34 /* Info.plist */ = {isa = PBXFileReference; lastKnownFileType = text.plist.xml; path = Info.plist; sourceTree = "<group>"; };
/* End PBXFileReference section */

/* Begin PBXFrameworksBuildPhase section */
		4FA7C26E2406E02F009E1B34 /* Frameworks */ = {
			isa = PBXFrameworksBuildPhase;
			buildActionMask = 2147483647;
			files = (
			);
			runOnlyForDeploymentPostprocessing = 0;
		};
		4FA7C2842406E034009E1B34 /* Frameworks */ = {
			isa = PBXFrameworksBuildPhase;
			buildActionMask = 2147483647;
			files = (
			);
			runOnlyForDeploymentPostprocessing = 0;
		};
		4FA7C28F2406E034009E1B34 /* Frameworks */ = {
			isa = PBXFrameworksBuildPhase;
			buildActionMask = 2147483647;
			files = (
			);
			runOnlyForDeploymentPostprocessing = 0;
		};
/* End PBXFrameworksBuildPhase section */

/* Begin PBXGroup section */
		4FA7C2682406E02F009E1B34 = {
			isa = PBXGroup;
			children = (
				4FA7C2732406E02F009E1B34 /* btw */,
				4FA7C28A2406E034009E1B34 /* btwTests */,
				4FA7C2952406E034009E1B34 /* btwUITests */,
				4FA7C2722406E02F009E1B34 /* Products */,
			);
			sourceTree = "<group>";
		};
		4FA7C2722406E02F009E1B34 /* Products */ = {
			isa = PBXGroup;
			children = (
				4FA7C2712406E02F009E1B34 /* btw.app */,
				4FA7C2872406E034009E1B34 /* btwTests.xctest */,
				4FA7C2922406E034009E1B34 /* btwUITests.xctest */,
			);
			name = Products;
			sourceTree = "<group>";
		};
		4FA7C2732406E02F009E1B34 /* btw */ = {
			isa = PBXGroup;
			children = (
				4FA7C2742406E02F009E1B34 /* AppDelegate.swift */,
				4FA7C2762406E02F009E1B34 /* SceneDelegate.swift */,
				4FA7C2782406E02F009E1B34 /* ContentView.swift */,
				4FA7C27A2406E034009E1B34 /* Assets.xcassets */,
				4FA7C27F2406E034009E1B34 /* LaunchScreen.storyboard */,
				4FA7C2822406E034009E1B34 /* Info.plist */,
				4FA7C27C2406E034009E1B34 /* Preview Content */,
			);
			path = btw;
			sourceTree = "<group>";
		};
		4FA7C27C2406E034009E1B34 /* Preview Content */ = {
			isa = PBXGroup;
			children = (
				4FA7C27D2406E034009E1B34 /* Preview Assets.xcassets */,
			);
			path = "Preview Content";
			sourceTree = "<group>";
		};
		4FA7C28A2406E034009E1B34 /* btwTests */ = {
			isa = PBXGroup;
			children = (
				4FA7C28B2406E034009E1B34 /* btwTests.swift */,
				4FA7C28D2406E034009E1B34 /* Info.plist */,
			);
			path = btwTests;
			sourceTree = "<group>";
		};
		4FA7C2952406E034009E1B34 /* btwUITests */ = {
			isa = PBXGroup;
			children = (
				4FA7C2962406E034009E1B34 /* btwUITests.swift */,
				4FA7C2982406E034009E1B34 /* Info.plist */,
			);
			path = btwUITests;
			sourceTree = "<group>";
		};
/* End PBXGroup section */

/* Begin PBXNativeTarget section */
		4FA7C2702406E02F009E1B34 /* btw */ = {
			isa = PBXNativeTarget;
			buildConfigurationList = 4FA7C29B2406E034009E1B34 /* Build configuration list for PBXNativeTarget "btw" */;
			buildPhases = (
				4FA7C26D2406E02F009E1B34 /* Sources */,
				4FA7C26E2406E02F009E1B34 /* Frameworks */,
				4FA7C26F2406E02F009E1B34 /* Resources */,
			);
			buildRules = (
			);
			dependencies = (
			);
			name = btw;
			productName = btw;
			productReference = 4FA7C2712406E02F009E1B34 /* btw.app */;
			productType = "com.apple.product-type.application";
		};
		4FA7C2862406E034009E1B34 /* btwTests */ = {
			isa = PBXNativeTarget;
			buildConfigurationList = 4FA7C29E2406E034009E1B34 /* Build configuration list for PBXNativeTarget "btwTests" */;
			buildPhases = (
				4FA7C2832406E034009E1B34 /* Sources */,
				4FA7C2842406E034009E1B34 /* Frameworks */,
				4FA7C2852406E034009E1B34 /* Resources */,
			);
			buildRules = (
			);
			dependencies = (
				4FA7C2892406E034009E1B34 /* PBXTargetDependency */,
			);
			name = btwTests;
			productName = btwTests;
			productReference = 4FA7C2872406E034009E1B34 /* btwTests.xctest */;
			productType = "com.apple.product-type.bundle.unit-test";
		};
		4FA7C2912406E034009E1B34 /* btwUITests */ = {
			isa = PBXNativeTarget;
			buildConfigurationList = 4FA7C2A12406E034009E1B34 /* Build configuration list for PBXNativeTarget "btwUITests" */;
			buildPhases = (
				4FA7C28E2406E034009E1B34 /* Sources */,
				4FA7C28F2406E034009E1B34 /* Frameworks */,
				4FA7C2902406E034009E1B34 /* Resources */,
			);
			buildRules = (
			);
			dependencies = (
				4FA7C2942406E034009E1B34 /* PBXTargetDependency */,
			);
			name = btwUITests;
			productName = btwUITests;
			productReference = 4FA7C2922406E034009E1B34 /* btwUITests.xctest */;
			productType = "com.apple.product-type.bundle.ui-testing";
		};
/* End PBXNativeTarget section */

/* Begin PBXProject section */
		4FA7C2692406E02F009E1B34 /* Project object */ = {
			isa = PBXProject;
			attributes = {
				LastSwiftUpdateCheck = 1130;
				LastUpgradeCheck = 1130;
				ORGANIZATIONNAME = Group25;
				TargetAttributes = {
					4FA7C2702406E02F009E1B34 = {
						CreatedOnToolsVersion = 11.3.1;
					};
					4FA7C2862406E034009E1B34 = {
						CreatedOnToolsVersion = 11.3.1;
						TestTargetID = 4FA7C2702406E02F009E1B34;
					};
					4FA7C2912406E034009E1B34 = {
						CreatedOnToolsVersion = 11.3.1;
						TestTargetID = 4FA7C2702406E02F009E1B34;
					};
				};
			};
			buildConfigurationList = 4FA7C26C2406E02F009E1B34 /* Build configuration list for PBXProject "btw" */;
			compatibilityVersion = "Xcode 9.3";
			developmentRegion = en;
			hasScannedForEncodings = 0;
			knownRegions = (
				en,
				Base,
			);
			mainGroup = 4FA7C2682406E02F009E1B34;
			productRefGroup = 4FA7C2722406E02F009E1B34 /* Products */;
			projectDirPath = "";
			projectRoot = "";
			targets = (
				4FA7C2702406E02F009E1B34 /* btw */,
				4FA7C2862406E034009E1B34 /* btwTests */,
				4FA7C2912406E034009E1B34 /* btwUITests */,
			);
		};
/* End PBXProject section */

/* Begin PBXResourcesBuildPhase section */
		4FA7C26F2406E02F009E1B34 /* Resources */ = {
			isa = PBXResourcesBuildPhase;
			buildActionMask = 2147483647;
			files = (
				4FA7C2812406E034009E1B34 /* LaunchScreen.storyboard in Resources */,
				4FA7C27E2406E034009E1B34 /* Preview Assets.xcassets in Resources */,
				4FA7C27B2406E034009E1B34 /* Assets.xcassets in Resources */,
			);
			runOnlyForDeploymentPostprocessing = 0;
		};
		4FA7C2852406E034009E1B34 /* Resources */ = {
			isa = PBXResourcesBuildPhase;
			buildActionMask = 2147483647;
			files = (
			);
			runOnlyForDeploymentPostprocessing = 0;
		};
		4FA7C2902406E034009E1B34 /* Resources */ = {
			isa = PBXResourcesBuildPhase;
			buildActionMask = 2147483647;
			files = (
			);
			runOnlyForDeploymentPostprocessing = 0;
		};
/* End PBXResourcesBuildPhase section */

/* Begin PBXSourcesBuildPhase section */
		4FA7C26D2406E02F009E1B34 /* Sources */ = {
			isa = PBXSourcesBuildPhase;
			buildActionMask = 2147483647;
			files = (
				4FA7C2752406E02F009E1B34 /* AppDelegate.swift in Sources */,
				4FA7C2772406E02F009E1B34 /* SceneDelegate.swift in Sources */,
				4FA7C2792406E02F009E1B34 /* ContentView.swift in Sources */,
			);
			runOnlyForDeploymentPostprocessing = 0;
		};
		4FA7C2832406E034009E1B34 /* Sources */ = {
			isa = PBXSourcesBuildPhase;
			buildActionMask = 2147483647;
			files = (
				4FA7C28C2406E034009E1B34 /* btwTests.swift in Sources */,
			);
			runOnlyForDeploymentPostprocessing = 0;
		};
		4FA7C28E2406E034009E1B34 /* Sources */ = {
			isa = PBXSourcesBuildPhase;
			buildActionMask = 2147483647;
			files = (
				4FA7C2972406E034009E1B34 /* btwUITests.swift in Sources */,
			);
			runOnlyForDeploymentPostprocessing = 0;
		};
/* End PBXSourcesBuildPhase section */

/* Begin PBXTargetDependency section */
		4FA7C2892406E034009E1B34 /* PBXTargetDependency */ = {
			isa = PBXTargetDependency;
			target = 4FA7C2702406E02F009E1B34 /* btw */;
			targetProxy = 4FA7C2882406E034009E1B34 /* PBXContainerItemProxy */;
		};
		4FA7C2942406E034009E1B34 /* PBXTargetDependency */ = {
			isa = PBXTargetDependency;
			target = 4FA7C2702406E02F009E1B34 /* btw */;
			targetProxy = 4FA7C2932406E034009E1B34 /* PBXContainerItemProxy */;
		};
/* End PBXTargetDependency section */

/* Begin PBXVariantGroup section */
		4FA7C27F2406E034009E1B34 /* LaunchScreen.storyboard */ = {
			isa = PBXVariantGroup;
			children = (
				4FA7C2802406E034009E1B34 /* Base */,
			);
			name = LaunchScreen.storyboard;
			sourceTree = "<group>";
		};
/* End PBXVariantGroup section */

/* Begin XCBuildConfiguration section */
		4FA7C2992406E034009E1B34 /* Debug */ = {
			isa = XCBuildConfiguration;
			buildSettings = {
				ALWAYS_SEARCH_USER_PATHS = NO;
				CLANG_ANALYZER_NONNULL = YES;
				CLANG_ANALYZER_NUMBER_OBJECT_CONVERSION = YES_AGGRESSIVE;
				CLANG_CXX_LANGUAGE_STANDARD = "gnu++14";
				CLANG_CXX_LIBRARY = "libc++";
				CLANG_ENABLE_MODULES = YES;
				CLANG_ENABLE_OBJC_ARC = YES;
				CLANG_ENABLE_OBJC_WEAK = YES;
				CLANG_WARN_BLOCK_CAPTURE_AUTORELEASING = YES;
				CLANG_WARN_BOOL_CONVERSION = YES;
				CLANG_WARN_COMMA = YES;
				CLANG_WARN_CONSTANT_CONVERSION = YES;
				CLANG_WARN_DEPRECATED_OBJC_IMPLEMENTATIONS = YES;
				CLANG_WARN_DIRECT_OBJC_ISA_USAGE = YES_ERROR;
				CLANG_WARN_DOCUMENTATION_COMMENTS = YES;
				CLANG_WARN_EMPTY_BODY = YES;
				CLANG_WARN_ENUM_CONVERSION = YES;
				CLANG_WARN_INFINITE_RECURSION = YES;
				CLANG_WARN_INT_CONVERSION = YES;
				CLANG_WARN_NON_LITERAL_NULL_CONVERSION = YES;
				CLANG_WARN_OBJC_IMPLICIT_RETAIN_SELF = YES;
				CLANG_WARN_OBJC_LITERAL_CONVERSION = YES;
				CLANG_WARN_OBJC_ROOT_CLASS = YES_ERROR;
				CLANG_WARN_RANGE_LOOP_ANALYSIS = YES;
				CLANG_WARN_STRICT_PROTOTYPES = YES;
				CLANG_WARN_SUSPICIOUS_MOVE = YES;
				CLANG_WARN_UNGUARDED_AVAILABILITY = YES_AGGRESSIVE;
				CLANG_WARN_UNREACHABLE_CODE = YES;
				CLANG_WARN__DUPLICATE_METHOD_MATCH = YES;
				COPY_PHASE_STRIP = NO;
				DEBUG_INFORMATION_FORMAT = dwarf;
				ENABLE_STRICT_OBJC_MSGSEND = YES;
				ENABLE_TESTABILITY = YES;
				GCC_C_LANGUAGE_STANDARD = gnu11;
				GCC_DYNAMIC_NO_PIC = NO;
				GCC_NO_COMMON_BLOCKS = YES;
				GCC_OPTIMIZATION_LEVEL = 0;
				GCC_PREPROCESSOR_DEFINITIONS = (
					"DEBUG=1",
					"$(inherited)",
				);
				GCC_WARN_64_TO_32_BIT_CONVERSION = YES;
				GCC_WARN_ABOUT_RETURN_TYPE = YES_ERROR;
				GCC_WARN_UNDECLARED_SELECTOR = YES;
				GCC_WARN_UNINITIALIZED_AUTOS = YES_AGGRESSIVE;
				GCC_WARN_UNUSED_FUNCTION = YES;
				GCC_WARN_UNUSED_VARIABLE = YES;
				IPHONEOS_DEPLOYMENT_TARGET = 13.2;
				MTL_ENABLE_DEBUG_INFO = INCLUDE_SOURCE;
				MTL_FAST_MATH = YES;
				ONLY_ACTIVE_ARCH = YES;
				SDKROOT = iphoneos;
				SWIFT_ACTIVE_COMPILATION_CONDITIONS = DEBUG;
				SWIFT_OPTIMIZATION_LEVEL = "-Onone";
			};
			name = Debug;
		};
		4FA7C29A2406E034009E1B34 /* Release */ = {
			isa = XCBuildConfiguration;
			buildSettings = {
				ALWAYS_SEARCH_USER_PATHS = NO;
				CLANG_ANALYZER_NONNULL = YES;
				CLANG_ANALYZER_NUMBER_OBJECT_CONVERSION = YES_AGGRESSIVE;
				CLANG_CXX_LANGUAGE_STANDARD = "gnu++14";
				CLANG_CXX_LIBRARY = "libc++";
				CLANG_ENABLE_MODULES = YES;
				CLANG_ENABLE_OBJC_ARC = YES;
				CLANG_ENABLE_OBJC_WEAK = YES;
				CLANG_WARN_BLOCK_CAPTURE_AUTORELEASING = YES;
				CLANG_WARN_BOOL_CONVERSION = YES;
				CLANG_WARN_COMMA = YES;
				CLANG_WARN_CONSTANT_CONVERSION = YES;
				CLANG_WARN_DEPRECATED_OBJC_IMPLEMENTATIONS = YES;
				CLANG_WARN_DIRECT_OBJC_ISA_USAGE = YES_ERROR;
				CLANG_WARN_DOCUMENTATION_COMMENTS = YES;
				CLANG_WARN_EMPTY_BODY = YES;
				CLANG_WARN_ENUM_CONVERSION = YES;
				CLANG_WARN_INFINITE_RECURSION = YES;
				CLANG_WARN_INT_CONVERSION = YES;
				CLANG_WARN_NON_LITERAL_NULL_CONVERSION = YES;
				CLANG_WARN_OBJC_IMPLICIT_RETAIN_SELF = YES;
				CLANG_WARN_OBJC_LITERAL_CONVERSION = YES;
				CLANG_WARN_OBJC_ROOT_CLASS = YES_ERROR;
				CLANG_WARN_RANGE_LOOP_ANALYSIS = YES;
				CLANG_WARN_STRICT_PROTOTYPES = YES;
				CLANG_WARN_SUSPICIOUS_MOVE = YES;
				CLANG_WARN_UNGUARDED_AVAILABILITY = YES_AGGRESSIVE;
				CLANG_WARN_UNREACHABLE_CODE = YES;
				CLANG_WARN__DUPLICATE_METHOD_MATCH = YES;
				COPY_PHASE_STRIP = NO;
				DEBUG_INFORMATION_FORMAT = "dwarf-with-dsym";
				ENABLE_NS_ASSERTIONS = NO;
				ENABLE_STRICT_OBJC_MSGSEND = YES;
				GCC_C_LANGUAGE_STANDARD = gnu11;
				GCC_NO_COMMON_BLOCKS = YES;
				GCC_WARN_64_TO_32_BIT_CONVERSION = YES;
				GCC_WARN_ABOUT_RETURN_TYPE = YES_ERROR;
				GCC_WARN_UNDECLARED_SELECTOR = YES;
				GCC_WARN_UNINITIALIZED_AUTOS = YES_AGGRESSIVE;
				GCC_WARN_UNUSED_FUNCTION = YES;
				GCC_WARN_UNUSED_VARIABLE = YES;
				IPHONEOS_DEPLOYMENT_TARGET = 13.2;
				MTL_ENABLE_DEBUG_INFO = NO;
				MTL_FAST_MATH = YES;
				SDKROOT = iphoneos;
				SWIFT_COMPILATION_MODE = wholemodule;
				SWIFT_OPTIMIZATION_LEVEL = "-O";
				VALIDATE_PRODUCT = YES;
			};
			name = Release;
		};
		4FA7C29C2406E034009E1B34 /* Debug */ = {
			isa = XCBuildConfiguration;
			buildSettings = {
				ASSETCATALOG_COMPILER_APPICON_NAME = AppIcon;
				CODE_SIGN_STYLE = Automatic;
				DEVELOPMENT_ASSET_PATHS = "\"btw/Preview Content\"";
				ENABLE_PREVIEWS = YES;
				INFOPLIST_FILE = btw/Info.plist;
				LD_RUNPATH_SEARCH_PATHS = (
					"$(inherited)",
					"@executable_path/Frameworks",
				);
				PRODUCT_BUNDLE_IDENTIFIER = CISC325.btw;
				PRODUCT_NAME = "$(TARGET_NAME)";
				SWIFT_VERSION = 5.0;
				TARGETED_DEVICE_FAMILY = "1,2";
			};
			name = Debug;
		};
		4FA7C29D2406E034009E1B34 /* Release */ = {
			isa = XCBuildConfiguration;
			buildSettings = {
				ASSETCATALOG_COMPILER_APPICON_NAME = AppIcon;
				CODE_SIGN_STYLE = Automatic;
				DEVELOPMENT_ASSET_PATHS = "\"btw/Preview Content\"";
				ENABLE_PREVIEWS = YES;
				INFOPLIST_FILE = btw/Info.plist;
				LD_RUNPATH_SEARCH_PATHS = (
					"$(inherited)",
					"@executable_path/Frameworks",
				);
				PRODUCT_BUNDLE_IDENTIFIER = CISC325.btw;
				PRODUCT_NAME = "$(TARGET_NAME)";
				SWIFT_VERSION = 5.0;
				TARGETED_DEVICE_FAMILY = "1,2";
			};
			name = Release;
		};
		4FA7C29F2406E034009E1B34 /* Debug */ = {
			isa = XCBuildConfiguration;
			buildSettings = {
				ALWAYS_EMBED_SWIFT_STANDARD_LIBRARIES = YES;
				BUNDLE_LOADER = "$(TEST_HOST)";
				CODE_SIGN_STYLE = Automatic;
				INFOPLIST_FILE = btwTests/Info.plist;
				IPHONEOS_DEPLOYMENT_TARGET = 13.2;
				LD_RUNPATH_SEARCH_PATHS = (
					"$(inherited)",
					"@executable_path/Frameworks",
					"@loader_path/Frameworks",
				);
				PRODUCT_BUNDLE_IDENTIFIER = CISC325.btwTests;
				PRODUCT_NAME = "$(TARGET_NAME)";
				SWIFT_VERSION = 5.0;
				TARGETED_DEVICE_FAMILY = "1,2";
				TEST_HOST = "$(BUILT_PRODUCTS_DIR)/btw.app/btw";
			};
			name = Debug;
		};
		4FA7C2A02406E034009E1B34 /* Release */ = {
			isa = XCBuildConfiguration;
			buildSettings = {
				ALWAYS_EMBED_SWIFT_STANDARD_LIBRARIES = YES;
				BUNDLE_LOADER = "$(TEST_HOST)";
				CODE_SIGN_STYLE = Automatic;
				INFOPLIST_FILE = btwTests/Info.plist;
				IPHONEOS_DEPLOYMENT_TARGET = 13.2;
				LD_RUNPATH_SEARCH_PATHS = (
					"$(inherited)",
					"@executable_path/Frameworks",
					"@loader_path/Frameworks",
				);
				PRODUCT_BUNDLE_IDENTIFIER = CISC325.btwTests;
				PRODUCT_NAME = "$(TARGET_NAME)";
				SWIFT_VERSION = 5.0;
				TARGETED_DEVICE_FAMILY = "1,2";
				TEST_HOST = "$(BUILT_PRODUCTS_DIR)/btw.app/btw";
			};
			name = Release;
		};
		4FA7C2A22406E034009E1B34 /* Debug */ = {
			isa = XCBuildConfiguration;
			buildSettings = {
				ALWAYS_EMBED_SWIFT_STANDARD_LIBRARIES = YES;
				CODE_SIGN_STYLE = Automatic;
				INFOPLIST_FILE = btwUITests/Info.plist;
				LD_RUNPATH_SEARCH_PATHS = (
					"$(inherited)",
					"@executable_path/Frameworks",
					"@loader_path/Frameworks",
				);
				PRODUCT_BUNDLE_IDENTIFIER = CISC325.btwUITests;
				PRODUCT_NAME = "$(TARGET_NAME)";
				SWIFT_VERSION = 5.0;
				TARGETED_DEVICE_FAMILY = "1,2";
				TEST_TARGET_NAME = btw;
			};
			name = Debug;
		};
		4FA7C2A32406E034009E1B34 /* Release */ = {
			isa = XCBuildConfiguration;
			buildSettings = {
				ALWAYS_EMBED_SWIFT_STANDARD_LIBRARIES = YES;
				CODE_SIGN_STYLE = Automatic;
				INFOPLIST_FILE = btwUITests/Info.plist;
				LD_RUNPATH_SEARCH_PATHS = (
					"$(inherited)",
					"@executable_path/Frameworks",
					"@loader_path/Frameworks",
				);
				PRODUCT_BUNDLE_IDENTIFIER = CISC325.btwUITests;
				PRODUCT_NAME = "$(TARGET_NAME)";
				SWIFT_VERSION = 5.0;
				TARGETED_DEVICE_FAMILY = "1,2";
				TEST_TARGET_NAME = btw;
			};
			name = Release;
		};
/* End XCBuildConfiguration section */

/* Begin XCConfigurationList section */
		4FA7C26C2406E02F009E1B34 /* Build configuration list for PBXProject "btw" */ = {
			isa = XCConfigurationList;
			buildConfigurations = (
				4FA7C2992406E034009E1B34 /* Debug */,
				4FA7C29A2406E034009E1B34 /* Release */,
			);
			defaultConfigurationIsVisible = 0;
			defaultConfigurationName = Release;
		};
		4FA7C29B2406E034009E1B34 /* Build configuration list for PBXNativeTarget "btw" */ = {
			isa = XCConfigurationList;
			buildConfigurations = (
				4FA7C29C2406E034009E1B34 /* Debug */,
				4FA7C29D2406E034009E1B34 /* Release */,
			);
			defaultConfigurationIsVisible = 0;
			defaultConfigurationName = Release;
		};
		4FA7C29E2406E034009E1B34 /* Build configuration list for PBXNativeTarget "btwTests" */ = {
			isa = XCConfigurationList;
			buildConfigurations = (
				4FA7C29F2406E034009E1B34 /* Debug */,
				4FA7C2A02406E034009E1B34 /* Release */,
			);
			defaultConfigurationIsVisible = 0;
			defaultConfigurationName = Release;
		};
		4FA7C2A12406E034009E1B34 /* Build configuration list for PBXNativeTarget "btwUITests" */ = {
			isa = XCConfigurationList;
			buildConfigurations = (
				4FA7C2A22406E034009E1B34 /* Debug */,
				4FA7C2A32406E034009E1B34 /* Release */,
			);
			defaultConfigurationIsVisible = 0;
			defaultConfigurationName = Release;
		};
/* End XCConfigurationList section */
	};
	rootObject = 4FA7C2692406E02F009E1B34 /* Project object */;
}
